
Microsoft Visual Studio Solution File, Format Version 12.00
# Visual Studio Version 16
VisualStudioVersion = 16.0.31729.503
MinimumVisualStudioVersion = 10.0.40219.1
Project("{FAE04EC0-301F-11D3-BF4B-00C04F79EFBC}") = "Column Design", "Column Design\Column Design.csproj", "{0C68FBB8-EC23-4781-A3B8-F647F7C60B37}"
EndProject
Global
	GlobalSection(SolutionConfigurationPlatforms) = preSolution
		Debug|Any CPU = Debug|Any CPU
		Debug|x64 = Debug|x64
		Release|Any CPU = Release|Any CPU
		Release|x64 = Release|x64
	EndGlobalSection
	GlobalSection(ProjectConfigurationPlatforms) = postSolution
		{0C68FBB8-EC23-4781-A3B8-F647F7C60B37}.Debug|Any CPU.ActiveCfg = Debug|Any CPU
		{0C68FBB8-EC23-4781-A3B8-F647F7C60B37}.Debug|Any CPU.Build.0 = Debug|Any CPU
		{0C68FBB8-EC23-4781-A3B8-F647F7C60B37}.Debug|x64.ActiveCfg = Debug|x64
		{0C68FBB8-EC23-4781-A3B8-F647F7C60B37}.Debug|x64.Build.0 = Debug|x64
		{0C68FBB8-EC23-4781-A3B8-F647F7C60B37}.Release|Any CPU.ActiveCfg = Release|Any CPU
		{0C68FBB8-EC23-4781-A3B8-F647F7C60B37}.Release|Any CPU.Build.0 = Release|Any CPU
		{0C68FBB8-EC23-4781-A3B8-F647F7C60B37}.Release|x64.ActiveCfg = Release|x64
		{0C68FBB8-EC23-4781-A3B8-F647F7C60B37}.Release|x64.Build.0 = Release|x64
	EndGlobalSection
	GlobalSection(SolutionProperties) = preSolution
		HideSolutionNode = FALSE
	EndGlobalSection
	GlobalSection(ExtensibilityGlobals) = postSolution
		SolutionGuid = {6F14F627-4127-45EA-9BCE-A514C8D58246}
	EndGlobalSection
EndGlobal
